
Microsoft Visual Studio Solution File, Format Version 12.00
# Visual Studio 15
VisualStudioVersion = 15.0.28010.2036
MinimumVisualStudioVersion = 10.0.40219.1
Project("{2150E333-8FDC-42A3-9474-1A3956D46DE8}") = "01 - Core", "01 - Core", "{C463BEC1-4E7F-473E-A365-773D136FC522}"
EndProject
Project("{2150E333-8FDC-42A3-9474-1A3956D46DE8}") = "02 - API", "02 - API", "{9CC4DAC7-FA74-475D-ACF7-964258470D5C}"
EndProject
Project("{2150E333-8FDC-42A3-9474-1A3956D46DE8}") = "Targets", "Targets", "{C9D72C23-631C-498D-B95D-D17AFD09BF84}"
EndProject
Project("{FAE04EC0-301F-11D3-BF4B-00C04F79EFBC}") = "Controle.API", "Controle.API\Controle.API.csproj", "{12B91904-869D-4DF1-9709-7F77C3019169}"
EndProject
Project("{2150E333-8FDC-42A3-9474-1A3956D46DE8}") = "03 - Tests", "03 - Tests", "{21A6A9A9-ABDB-4BB7-8379-E33550EA8300}"
EndProject
Project("{FAE04EC0-301F-11D3-BF4B-00C04F79EFBC}") = "Controle.Core.Android", "Controle.Core.Android\Controle.Core.Android.csproj", "{BF977EAC-C19D-401D-959A-A52F3802DF04}"
EndProject
Project("{FAE04EC0-301F-11D3-BF4B-00C04F79EFBC}") = "Controle.Core.iOS", "Controle.Core.iOS\Controle.Core.iOS.csproj", "{44344687-37AA-49AE-A683-A2F1CFA713BB}"
EndProject
Project("{FAE04EC0-301F-11D3-BF4B-00C04F79EFBC}") = "Controle.Core", "Controle.Core\Controle.Core.csproj", "{4291BFB5-AE8E-4E5A-8299-B665D8C77293}"
EndProject
Global
	GlobalSection(SolutionConfigurationPlatforms) = preSolution
		Debug|Any CPU = Debug|Any CPU
		Debug|iPhone = Debug|iPhone
		Debug|iPhoneSimulator = Debug|iPhoneSimulator
		Release|Any CPU = Release|Any CPU
		Release|iPhone = Release|iPhone
		Release|iPhoneSimulator = Release|iPhoneSimulator
	EndGlobalSection
	GlobalSection(ProjectConfigurationPlatforms) = postSolution
		{12B91904-869D-4DF1-9709-7F77C3019169}.Debug|Any CPU.ActiveCfg = Debug|Any CPU
		{12B91904-869D-4DF1-9709-7F77C3019169}.Debug|iPhone.ActiveCfg = Debug|Any CPU
		{12B91904-869D-4DF1-9709-7F77C3019169}.Debug|iPhone.Build.0 = Debug|Any CPU
		{12B91904-869D-4DF1-9709-7F77C3019169}.Debug|iPhoneSimulator.ActiveCfg = Debug|Any CPU
		{12B91904-869D-4DF1-9709-7F77C3019169}.Debug|iPhoneSimulator.Build.0 = Debug|Any CPU
		{12B91904-869D-4DF1-9709-7F77C3019169}.Release|Any CPU.ActiveCfg = Release|Any CPU
		{12B91904-869D-4DF1-9709-7F77C3019169}.Release|Any CPU.Build.0 = Release|Any CPU
		{12B91904-869D-4DF1-9709-7F77C3019169}.Release|iPhone.ActiveCfg = Release|Any CPU
		{12B91904-869D-4DF1-9709-7F77C3019169}.Release|iPhone.Build.0 = Release|Any CPU
		{12B91904-869D-4DF1-9709-7F77C3019169}.Release|iPhoneSimulator.ActiveCfg = Release|Any CPU
		{12B91904-869D-4DF1-9709-7F77C3019169}.Release|iPhoneSimulator.Build.0 = Release|Any CPU
		{12B91904-869D-4DF1-9709-7F77C3019169}.Debug|Any CPU.Build.0 = Debug|Any CPU
		{BF977EAC-C19D-401D-959A-A52F3802DF04}.Debug|Any CPU.ActiveCfg = Debug|Any CPU
		{BF977EAC-C19D-401D-959A-A52F3802DF04}.Debug|Any CPU.Build.0 = Debug|Any CPU
		{BF977EAC-C19D-401D-959A-A52F3802DF04}.Debug|iPhone.ActiveCfg = Debug|Any CPU
		{BF977EAC-C19D-401D-959A-A52F3802DF04}.Debug|iPhone.Build.0 = Debug|Any CPU
		{BF977EAC-C19D-401D-959A-A52F3802DF04}.Debug|iPhoneSimulator.ActiveCfg = Debug|Any CPU
		{BF977EAC-C19D-401D-959A-A52F3802DF04}.Debug|iPhoneSimulator.Build.0 = Debug|Any CPU
		{BF977EAC-C19D-401D-959A-A52F3802DF04}.Release|Any CPU.ActiveCfg = Release|Any CPU
		{BF977EAC-C19D-401D-959A-A52F3802DF04}.Release|Any CPU.Build.0 = Release|Any CPU
		{BF977EAC-C19D-401D-959A-A52F3802DF04}.Release|iPhone.ActiveCfg = Release|Any CPU
		{BF977EAC-C19D-401D-959A-A52F3802DF04}.Release|iPhone.Build.0 = Release|Any CPU
		{BF977EAC-C19D-401D-959A-A52F3802DF04}.Release|iPhoneSimulator.ActiveCfg = Release|Any CPU
		{BF977EAC-C19D-401D-959A-A52F3802DF04}.Release|iPhoneSimulator.Build.0 = Release|Any CPU
		{44344687-37AA-49AE-A683-A2F1CFA713BB}.Debug|Any CPU.ActiveCfg = Debug|iPhoneSimulator
		{44344687-37AA-49AE-A683-A2F1CFA713BB}.Debug|Any CPU.Build.0 = Debug|iPhoneSimulator
		{44344687-37AA-49AE-A683-A2F1CFA713BB}.Debug|iPhone.ActiveCfg = Debug|iPhone
		{44344687-37AA-49AE-A683-A2F1CFA713BB}.Debug|iPhone.Build.0 = Debug|iPhone
		{44344687-37AA-49AE-A683-A2F1CFA713BB}.Debug|iPhoneSimulator.ActiveCfg = Debug|iPhoneSimulator
		{44344687-37AA-49AE-A683-A2F1CFA713BB}.Debug|iPhoneSimulator.Build.0 = Debug|iPhoneSimulator
		{44344687-37AA-49AE-A683-A2F1CFA713BB}.Release|Any CPU.ActiveCfg = Release|iPhoneSimulator
		{44344687-37AA-49AE-A683-A2F1CFA713BB}.Release|Any CPU.Build.0 = Release|iPhoneSimulator
		{44344687-37AA-49AE-A683-A2F1CFA713BB}.Release|iPhone.ActiveCfg = Release|iPhone
		{44344687-37AA-49AE-A683-A2F1CFA713BB}.Release|iPhone.Build.0 = Release|iPhone
		{44344687-37AA-49AE-A683-A2F1CFA713BB}.Release|iPhoneSimulator.ActiveCfg = Release|iPhoneSimulator
		{44344687-37AA-49AE-A683-A2F1CFA713BB}.Release|iPhoneSimulator.Build.0 = Release|iPhoneSimulator
		{4291BFB5-AE8E-4E5A-8299-B665D8C77293}.Debug|Any CPU.ActiveCfg = Debug|Any CPU
		{4291BFB5-AE8E-4E5A-8299-B665D8C77293}.Debug|Any CPU.Build.0 = Debug|Any CPU
		{4291BFB5-AE8E-4E5A-8299-B665D8C77293}.Debug|iPhone.ActiveCfg = Debug|Any CPU
		{4291BFB5-AE8E-4E5A-8299-B665D8C77293}.Debug|iPhone.Build.0 = Debug|Any CPU
		{4291BFB5-AE8E-4E5A-8299-B665D8C77293}.Debug|iPhoneSimulator.ActiveCfg = Debug|Any CPU
		{4291BFB5-AE8E-4E5A-8299-B665D8C77293}.Debug|iPhoneSimulator.Build.0 = Debug|Any CPU
		{4291BFB5-AE8E-4E5A-8299-B665D8C77293}.Release|Any CPU.ActiveCfg = Release|Any CPU
		{4291BFB5-AE8E-4E5A-8299-B665D8C77293}.Release|Any CPU.Build.0 = Release|Any CPU
		{4291BFB5-AE8E-4E5A-8299-B665D8C77293}.Release|iPhone.ActiveCfg = Release|Any CPU
		{4291BFB5-AE8E-4E5A-8299-B665D8C77293}.Release|iPhone.Build.0 = Release|Any CPU
		{4291BFB5-AE8E-4E5A-8299-B665D8C77293}.Release|iPhoneSimulator.ActiveCfg = Release|Any CPU
		{4291BFB5-AE8E-4E5A-8299-B665D8C77293}.Release|iPhoneSimulator.Build.0 = Release|Any CPU
	EndGlobalSection
	GlobalSection(SolutionProperties) = preSolution
		HideSolutionNode = FALSE
	EndGlobalSection
	GlobalSection(NestedProjects) = preSolution
		{C9D72C23-631C-498D-B95D-D17AFD09BF84} = {C463BEC1-4E7F-473E-A365-773D136FC522}
		{12B91904-869D-4DF1-9709-7F77C3019169} = {9CC4DAC7-FA74-475D-ACF7-964258470D5C}
		{BF977EAC-C19D-401D-959A-A52F3802DF04} = {C9D72C23-631C-498D-B95D-D17AFD09BF84}
		{44344687-37AA-49AE-A683-A2F1CFA713BB} = {C9D72C23-631C-498D-B95D-D17AFD09BF84}
		{4291BFB5-AE8E-4E5A-8299-B665D8C77293} = {C463BEC1-4E7F-473E-A365-773D136FC522}
	EndGlobalSection
	GlobalSection(ExtensibilityGlobals) = postSolution
		SolutionGuid = {6F628C63-A58D-450A-B7DC-EA01F143260B}
	EndGlobalSection
	GlobalSection(MonoDevelopProperties) = preSolution
		Policies = $0
		$0.DotNetNamingPolicy = $1
		$1.DirectoryNamespaceAssociation = PrefixedHierarchical
		$0.StandardHeader = $2
		$0.VersionControlPolicy = $3
	EndGlobalSection
EndGlobal
