
Microsoft Visual Studio Solution File, Format Version 12.00
# Visual Studio 15
VisualStudioVersion = 15.0.28010.2036
MinimumVisualStudioVersion = 10.0.40219.1
Project("{2150E333-8FDC-42A3-9474-1A3956D46DE8}") = "01 - Core", "01 - Core", "{C463BEC1-4E7F-473E-A365-773D136FC522}"
EndProject
Project("{2150E333-8FDC-42A3-9474-1A3956D46DE8}") = "03 - API", "03 - API", "{9CC4DAC7-FA74-475D-ACF7-964258470D5C}"
EndProject
Project("{2150E333-8FDC-42A3-9474-1A3956D46DE8}") = "Targets", "Targets", "{C9D72C23-631C-498D-B95D-D17AFD09BF84}"
EndProject
Project("{9A19103F-16F7-4668-BE54-9A1E7A4F7556}") = "Controle.API", "Controle.API\Controle.API.csproj", "{12B91904-869D-4DF1-9709-7F77C3019169}"
EndProject
Project("{2150E333-8FDC-42A3-9474-1A3956D46DE8}") = "04 - Tests", "04 - Tests", "{21A6A9A9-ABDB-4BB7-8379-E33550EA8300}"
EndProject
Project("{FAE04EC0-301F-11D3-BF4B-00C04F79EFBC}") = "Controle.Core.Android", "Controle.Core.Android\Controle.Core.Android.csproj", "{B7629C1A-35C7-4EC5-883F-0273FAAF4276}"
EndProject
Project("{FAE04EC0-301F-11D3-BF4B-00C04F79EFBC}") = "Controle.Core.iOS", "Controle.Core.iOS\Controle.Core.iOS.csproj", "{4A7F203B-D58A-40FA-9F08-38C99D362625}"
EndProject
Project("{FAE04EC0-301F-11D3-BF4B-00C04F79EFBC}") = "Controle.Core", "Controle.Core\Controle.Core.csproj", "{ED5F9FBC-FDEC-4D34-8DCC-46FB2B83A817}"
EndProject
Project("{9A19103F-16F7-4668-BE54-9A1E7A4F7556}") = "Controle.Tests", "Controle.Tests\Controle.Tests.csproj", "{895619E3-8355-4332-BCC4-AB8A56456910}"
EndProject
Project("{2150E333-8FDC-42A3-9474-1A3956D46DE8}") = "02 - Models", "02 - Models", "{C3B7B330-BBB6-4C91-93E3-A517B94FB671}"
EndProject
Project("{9A19103F-16F7-4668-BE54-9A1E7A4F7556}") = "Controle.Models", "Controle.Models\Controle.Models.csproj", "{78601E81-9256-4315-AF95-8649B0D49D15}"
EndProject
Global
	GlobalSection(SolutionConfigurationPlatforms) = preSolution
		Ad-Hoc|Any CPU = Ad-Hoc|Any CPU
		Ad-Hoc|iPhone = Ad-Hoc|iPhone
		Ad-Hoc|iPhoneSimulator = Ad-Hoc|iPhoneSimulator
		AppStore|Any CPU = AppStore|Any CPU
		AppStore|iPhone = AppStore|iPhone
		AppStore|iPhoneSimulator = AppStore|iPhoneSimulator
		Debug|Any CPU = Debug|Any CPU
		Debug|iPhone = Debug|iPhone
		Debug|iPhoneSimulator = Debug|iPhoneSimulator
		Release|Any CPU = Release|Any CPU
		Release|iPhone = Release|iPhone
		Release|iPhoneSimulator = Release|iPhoneSimulator
	EndGlobalSection
	GlobalSection(ProjectConfigurationPlatforms) = postSolution
		{12B91904-869D-4DF1-9709-7F77C3019169}.Ad-Hoc|Any CPU.ActiveCfg = Release|Any CPU
		{12B91904-869D-4DF1-9709-7F77C3019169}.Ad-Hoc|Any CPU.Build.0 = Release|Any CPU
		{12B91904-869D-4DF1-9709-7F77C3019169}.Ad-Hoc|iPhone.ActiveCfg = Debug|Any CPU
		{12B91904-869D-4DF1-9709-7F77C3019169}.Ad-Hoc|iPhone.Build.0 = Debug|Any CPU
		{12B91904-869D-4DF1-9709-7F77C3019169}.Ad-Hoc|iPhoneSimulator.ActiveCfg = Release|Any CPU
		{12B91904-869D-4DF1-9709-7F77C3019169}.Ad-Hoc|iPhoneSimulator.Build.0 = Release|Any CPU
		{12B91904-869D-4DF1-9709-7F77C3019169}.AppStore|Any CPU.ActiveCfg = Release|Any CPU
		{12B91904-869D-4DF1-9709-7F77C3019169}.AppStore|Any CPU.Build.0 = Release|Any CPU
		{12B91904-869D-4DF1-9709-7F77C3019169}.AppStore|iPhone.ActiveCfg = Debug|Any CPU
		{12B91904-869D-4DF1-9709-7F77C3019169}.AppStore|iPhone.Build.0 = Debug|Any CPU
		{12B91904-869D-4DF1-9709-7F77C3019169}.AppStore|iPhoneSimulator.ActiveCfg = Release|Any CPU
		{12B91904-869D-4DF1-9709-7F77C3019169}.AppStore|iPhoneSimulator.Build.0 = Release|Any CPU
		{12B91904-869D-4DF1-9709-7F77C3019169}.Debug|Any CPU.ActiveCfg = Debug|Any CPU
		{12B91904-869D-4DF1-9709-7F77C3019169}.Debug|Any CPU.Build.0 = Debug|Any CPU
		{12B91904-869D-4DF1-9709-7F77C3019169}.Debug|Any CPU.Deploy.0 = Debug|Any CPU
		{12B91904-869D-4DF1-9709-7F77C3019169}.Debug|iPhone.ActiveCfg = Debug|Any CPU
		{12B91904-869D-4DF1-9709-7F77C3019169}.Debug|iPhone.Build.0 = Debug|Any CPU
		{12B91904-869D-4DF1-9709-7F77C3019169}.Debug|iPhoneSimulator.ActiveCfg = Debug|Any CPU
		{12B91904-869D-4DF1-9709-7F77C3019169}.Debug|iPhoneSimulator.Build.0 = Debug|Any CPU
		{12B91904-869D-4DF1-9709-7F77C3019169}.Release|Any CPU.ActiveCfg = Release|Any CPU
		{12B91904-869D-4DF1-9709-7F77C3019169}.Release|Any CPU.Build.0 = Release|Any CPU
		{12B91904-869D-4DF1-9709-7F77C3019169}.Release|iPhone.ActiveCfg = Release|Any CPU
		{12B91904-869D-4DF1-9709-7F77C3019169}.Release|iPhone.Build.0 = Release|Any CPU
		{12B91904-869D-4DF1-9709-7F77C3019169}.Release|iPhoneSimulator.ActiveCfg = Release|Any CPU
		{12B91904-869D-4DF1-9709-7F77C3019169}.Release|iPhoneSimulator.Build.0 = Release|Any CPU
		{B7629C1A-35C7-4EC5-883F-0273FAAF4276}.Ad-Hoc|Any CPU.ActiveCfg = Release|Any CPU
		{B7629C1A-35C7-4EC5-883F-0273FAAF4276}.Ad-Hoc|Any CPU.Build.0 = Release|Any CPU
		{B7629C1A-35C7-4EC5-883F-0273FAAF4276}.Ad-Hoc|Any CPU.Deploy.0 = Release|Any CPU
		{B7629C1A-35C7-4EC5-883F-0273FAAF4276}.Ad-Hoc|iPhone.ActiveCfg = Debug|Any CPU
		{B7629C1A-35C7-4EC5-883F-0273FAAF4276}.Ad-Hoc|iPhone.Build.0 = Debug|Any CPU
		{B7629C1A-35C7-4EC5-883F-0273FAAF4276}.Ad-Hoc|iPhoneSimulator.ActiveCfg = Release|Any CPU
		{B7629C1A-35C7-4EC5-883F-0273FAAF4276}.Ad-Hoc|iPhoneSimulator.Build.0 = Release|Any CPU
		{B7629C1A-35C7-4EC5-883F-0273FAAF4276}.Ad-Hoc|iPhoneSimulator.Deploy.0 = Release|Any CPU
		{B7629C1A-35C7-4EC5-883F-0273FAAF4276}.AppStore|Any CPU.ActiveCfg = Release|Any CPU
		{B7629C1A-35C7-4EC5-883F-0273FAAF4276}.AppStore|Any CPU.Build.0 = Release|Any CPU
		{B7629C1A-35C7-4EC5-883F-0273FAAF4276}.AppStore|Any CPU.Deploy.0 = Release|Any CPU
		{B7629C1A-35C7-4EC5-883F-0273FAAF4276}.AppStore|iPhone.ActiveCfg = Debug|Any CPU
		{B7629C1A-35C7-4EC5-883F-0273FAAF4276}.AppStore|iPhone.Build.0 = Debug|Any CPU
		{B7629C1A-35C7-4EC5-883F-0273FAAF4276}.AppStore|iPhoneSimulator.ActiveCfg = Release|Any CPU
		{B7629C1A-35C7-4EC5-883F-0273FAAF4276}.AppStore|iPhoneSimulator.Build.0 = Release|Any CPU
		{B7629C1A-35C7-4EC5-883F-0273FAAF4276}.AppStore|iPhoneSimulator.Deploy.0 = Release|Any CPU
		{B7629C1A-35C7-4EC5-883F-0273FAAF4276}.Debug|Any CPU.ActiveCfg = Debug|Any CPU
		{B7629C1A-35C7-4EC5-883F-0273FAAF4276}.Debug|iPhone.ActiveCfg = Debug|Any CPU
		{B7629C1A-35C7-4EC5-883F-0273FAAF4276}.Debug|iPhone.Build.0 = Debug|Any CPU
		{B7629C1A-35C7-4EC5-883F-0273FAAF4276}.Debug|iPhoneSimulator.ActiveCfg = Debug|Any CPU
		{B7629C1A-35C7-4EC5-883F-0273FAAF4276}.Debug|iPhoneSimulator.Build.0 = Debug|Any CPU
		{B7629C1A-35C7-4EC5-883F-0273FAAF4276}.Release|Any CPU.ActiveCfg = Release|Any CPU
		{B7629C1A-35C7-4EC5-883F-0273FAAF4276}.Release|Any CPU.Build.0 = Release|Any CPU
		{B7629C1A-35C7-4EC5-883F-0273FAAF4276}.Release|iPhone.ActiveCfg = Release|Any CPU
		{B7629C1A-35C7-4EC5-883F-0273FAAF4276}.Release|iPhone.Build.0 = Release|Any CPU
		{B7629C1A-35C7-4EC5-883F-0273FAAF4276}.Release|iPhoneSimulator.ActiveCfg = Release|Any CPU
		{B7629C1A-35C7-4EC5-883F-0273FAAF4276}.Release|iPhoneSimulator.Build.0 = Release|Any CPU
		{4A7F203B-D58A-40FA-9F08-38C99D362625}.Ad-Hoc|Any CPU.ActiveCfg = Ad-Hoc|iPhoneSimulator
		{4A7F203B-D58A-40FA-9F08-38C99D362625}.Ad-Hoc|iPhone.ActiveCfg = Ad-Hoc|iPhone
		{4A7F203B-D58A-40FA-9F08-38C99D362625}.Ad-Hoc|iPhone.Build.0 = Ad-Hoc|iPhone
		{4A7F203B-D58A-40FA-9F08-38C99D362625}.Ad-Hoc|iPhoneSimulator.ActiveCfg = Ad-Hoc|iPhoneSimulator
		{4A7F203B-D58A-40FA-9F08-38C99D362625}.Ad-Hoc|iPhoneSimulator.Build.0 = Ad-Hoc|iPhoneSimulator
		{4A7F203B-D58A-40FA-9F08-38C99D362625}.AppStore|Any CPU.ActiveCfg = AppStore|iPhoneSimulator
		{4A7F203B-D58A-40FA-9F08-38C99D362625}.AppStore|iPhone.ActiveCfg = AppStore|iPhone
		{4A7F203B-D58A-40FA-9F08-38C99D362625}.AppStore|iPhone.Build.0 = AppStore|iPhone
		{4A7F203B-D58A-40FA-9F08-38C99D362625}.AppStore|iPhoneSimulator.ActiveCfg = AppStore|iPhoneSimulator
		{4A7F203B-D58A-40FA-9F08-38C99D362625}.AppStore|iPhoneSimulator.Build.0 = AppStore|iPhoneSimulator
		{4A7F203B-D58A-40FA-9F08-38C99D362625}.Debug|Any CPU.ActiveCfg = Debug|iPhoneSimulator
		{4A7F203B-D58A-40FA-9F08-38C99D362625}.Debug|Any CPU.Deploy.0 = Debug|iPhoneSimulator
		{4A7F203B-D58A-40FA-9F08-38C99D362625}.Debug|iPhone.ActiveCfg = Debug|iPhone
		{4A7F203B-D58A-40FA-9F08-38C99D362625}.Debug|iPhone.Build.0 = Debug|iPhone
		{4A7F203B-D58A-40FA-9F08-38C99D362625}.Debug|iPhoneSimulator.ActiveCfg = Debug|iPhoneSimulator
		{4A7F203B-D58A-40FA-9F08-38C99D362625}.Debug|iPhoneSimulator.Build.0 = Debug|iPhoneSimulator
		{4A7F203B-D58A-40FA-9F08-38C99D362625}.Release|Any CPU.ActiveCfg = Release|iPhoneSimulator
		{4A7F203B-D58A-40FA-9F08-38C99D362625}.Release|Any CPU.Build.0 = Release|iPhoneSimulator
		{4A7F203B-D58A-40FA-9F08-38C99D362625}.Release|iPhone.ActiveCfg = Release|iPhone
		{4A7F203B-D58A-40FA-9F08-38C99D362625}.Release|iPhone.Build.0 = Release|iPhone
		{4A7F203B-D58A-40FA-9F08-38C99D362625}.Release|iPhoneSimulator.ActiveCfg = Release|iPhoneSimulator
		{4A7F203B-D58A-40FA-9F08-38C99D362625}.Release|iPhoneSimulator.Build.0 = Release|iPhoneSimulator
		{ED5F9FBC-FDEC-4D34-8DCC-46FB2B83A817}.Ad-Hoc|Any CPU.ActiveCfg = Release|Any CPU
		{ED5F9FBC-FDEC-4D34-8DCC-46FB2B83A817}.Ad-Hoc|Any CPU.Build.0 = Release|Any CPU
		{ED5F9FBC-FDEC-4D34-8DCC-46FB2B83A817}.Ad-Hoc|iPhone.ActiveCfg = Debug|Any CPU
		{ED5F9FBC-FDEC-4D34-8DCC-46FB2B83A817}.Ad-Hoc|iPhone.Build.0 = Debug|Any CPU
		{ED5F9FBC-FDEC-4D34-8DCC-46FB2B83A817}.Ad-Hoc|iPhoneSimulator.ActiveCfg = Release|Any CPU
		{ED5F9FBC-FDEC-4D34-8DCC-46FB2B83A817}.Ad-Hoc|iPhoneSimulator.Build.0 = Release|Any CPU
		{ED5F9FBC-FDEC-4D34-8DCC-46FB2B83A817}.AppStore|Any CPU.ActiveCfg = Release|Any CPU
		{ED5F9FBC-FDEC-4D34-8DCC-46FB2B83A817}.AppStore|Any CPU.Build.0 = Release|Any CPU
		{ED5F9FBC-FDEC-4D34-8DCC-46FB2B83A817}.AppStore|iPhone.ActiveCfg = Debug|Any CPU
		{ED5F9FBC-FDEC-4D34-8DCC-46FB2B83A817}.AppStore|iPhone.Build.0 = Debug|Any CPU
		{ED5F9FBC-FDEC-4D34-8DCC-46FB2B83A817}.AppStore|iPhoneSimulator.ActiveCfg = Release|Any CPU
		{ED5F9FBC-FDEC-4D34-8DCC-46FB2B83A817}.AppStore|iPhoneSimulator.Build.0 = Release|Any CPU
		{ED5F9FBC-FDEC-4D34-8DCC-46FB2B83A817}.Debug|Any CPU.ActiveCfg = Debug|Any CPU
		{ED5F9FBC-FDEC-4D34-8DCC-46FB2B83A817}.Debug|Any CPU.Build.0 = Debug|Any CPU
		{ED5F9FBC-FDEC-4D34-8DCC-46FB2B83A817}.Debug|iPhone.ActiveCfg = Debug|Any CPU
		{ED5F9FBC-FDEC-4D34-8DCC-46FB2B83A817}.Debug|iPhone.Build.0 = Debug|Any CPU
		{ED5F9FBC-FDEC-4D34-8DCC-46FB2B83A817}.Debug|iPhoneSimulator.ActiveCfg = Debug|Any CPU
		{ED5F9FBC-FDEC-4D34-8DCC-46FB2B83A817}.Debug|iPhoneSimulator.Build.0 = Debug|Any CPU
		{ED5F9FBC-FDEC-4D34-8DCC-46FB2B83A817}.Release|Any CPU.ActiveCfg = Release|Any CPU
		{ED5F9FBC-FDEC-4D34-8DCC-46FB2B83A817}.Release|Any CPU.Build.0 = Release|Any CPU
		{ED5F9FBC-FDEC-4D34-8DCC-46FB2B83A817}.Release|iPhone.ActiveCfg = Release|Any CPU
		{ED5F9FBC-FDEC-4D34-8DCC-46FB2B83A817}.Release|iPhone.Build.0 = Release|Any CPU
		{ED5F9FBC-FDEC-4D34-8DCC-46FB2B83A817}.Release|iPhoneSimulator.ActiveCfg = Release|Any CPU
		{ED5F9FBC-FDEC-4D34-8DCC-46FB2B83A817}.Release|iPhoneSimulator.Build.0 = Release|Any CPU
		{895619E3-8355-4332-BCC4-AB8A56456910}.Ad-Hoc|Any CPU.ActiveCfg = Release|Any CPU
		{895619E3-8355-4332-BCC4-AB8A56456910}.Ad-Hoc|Any CPU.Build.0 = Release|Any CPU
		{895619E3-8355-4332-BCC4-AB8A56456910}.Ad-Hoc|iPhone.ActiveCfg = Debug|Any CPU
		{895619E3-8355-4332-BCC4-AB8A56456910}.Ad-Hoc|iPhone.Build.0 = Debug|Any CPU
		{895619E3-8355-4332-BCC4-AB8A56456910}.Ad-Hoc|iPhoneSimulator.ActiveCfg = Release|Any CPU
		{895619E3-8355-4332-BCC4-AB8A56456910}.Ad-Hoc|iPhoneSimulator.Build.0 = Release|Any CPU
		{895619E3-8355-4332-BCC4-AB8A56456910}.AppStore|Any CPU.ActiveCfg = Release|Any CPU
		{895619E3-8355-4332-BCC4-AB8A56456910}.AppStore|Any CPU.Build.0 = Release|Any CPU
		{895619E3-8355-4332-BCC4-AB8A56456910}.AppStore|iPhone.ActiveCfg = Debug|Any CPU
		{895619E3-8355-4332-BCC4-AB8A56456910}.AppStore|iPhone.Build.0 = Debug|Any CPU
		{895619E3-8355-4332-BCC4-AB8A56456910}.AppStore|iPhoneSimulator.ActiveCfg = Release|Any CPU
		{895619E3-8355-4332-BCC4-AB8A56456910}.AppStore|iPhoneSimulator.Build.0 = Release|Any CPU
		{895619E3-8355-4332-BCC4-AB8A56456910}.Debug|Any CPU.ActiveCfg = Debug|Any CPU
		{895619E3-8355-4332-BCC4-AB8A56456910}.Debug|iPhone.ActiveCfg = Debug|Any CPU
		{895619E3-8355-4332-BCC4-AB8A56456910}.Debug|iPhone.Build.0 = Debug|Any CPU
		{895619E3-8355-4332-BCC4-AB8A56456910}.Debug|iPhoneSimulator.ActiveCfg = Debug|Any CPU
		{895619E3-8355-4332-BCC4-AB8A56456910}.Debug|iPhoneSimulator.Build.0 = Debug|Any CPU
		{895619E3-8355-4332-BCC4-AB8A56456910}.Release|Any CPU.ActiveCfg = Release|Any CPU
		{895619E3-8355-4332-BCC4-AB8A56456910}.Release|Any CPU.Build.0 = Release|Any CPU
		{895619E3-8355-4332-BCC4-AB8A56456910}.Release|iPhone.ActiveCfg = Release|Any CPU
		{895619E3-8355-4332-BCC4-AB8A56456910}.Release|iPhone.Build.0 = Release|Any CPU
		{895619E3-8355-4332-BCC4-AB8A56456910}.Release|iPhoneSimulator.ActiveCfg = Release|Any CPU
		{895619E3-8355-4332-BCC4-AB8A56456910}.Release|iPhoneSimulator.Build.0 = Release|Any CPU
		{78601E81-9256-4315-AF95-8649B0D49D15}.Ad-Hoc|Any CPU.ActiveCfg = Release|Any CPU
		{78601E81-9256-4315-AF95-8649B0D49D15}.Ad-Hoc|Any CPU.Build.0 = Release|Any CPU
		{78601E81-9256-4315-AF95-8649B0D49D15}.Ad-Hoc|iPhone.ActiveCfg = Release|Any CPU
		{78601E81-9256-4315-AF95-8649B0D49D15}.Ad-Hoc|iPhone.Build.0 = Release|Any CPU
		{78601E81-9256-4315-AF95-8649B0D49D15}.Ad-Hoc|iPhoneSimulator.ActiveCfg = Release|Any CPU
		{78601E81-9256-4315-AF95-8649B0D49D15}.Ad-Hoc|iPhoneSimulator.Build.0 = Release|Any CPU
		{78601E81-9256-4315-AF95-8649B0D49D15}.AppStore|Any CPU.ActiveCfg = Release|Any CPU
		{78601E81-9256-4315-AF95-8649B0D49D15}.AppStore|Any CPU.Build.0 = Release|Any CPU
		{78601E81-9256-4315-AF95-8649B0D49D15}.AppStore|iPhone.ActiveCfg = Release|Any CPU
		{78601E81-9256-4315-AF95-8649B0D49D15}.AppStore|iPhone.Build.0 = Release|Any CPU
		{78601E81-9256-4315-AF95-8649B0D49D15}.AppStore|iPhoneSimulator.ActiveCfg = Release|Any CPU
		{78601E81-9256-4315-AF95-8649B0D49D15}.AppStore|iPhoneSimulator.Build.0 = Release|Any CPU
		{78601E81-9256-4315-AF95-8649B0D49D15}.Debug|Any CPU.ActiveCfg = Debug|Any CPU
		{78601E81-9256-4315-AF95-8649B0D49D15}.Debug|iPhone.ActiveCfg = Debug|Any CPU
		{78601E81-9256-4315-AF95-8649B0D49D15}.Debug|iPhone.Build.0 = Debug|Any CPU
		{78601E81-9256-4315-AF95-8649B0D49D15}.Debug|iPhoneSimulator.ActiveCfg = Debug|Any CPU
		{78601E81-9256-4315-AF95-8649B0D49D15}.Debug|iPhoneSimulator.Build.0 = Debug|Any CPU
		{78601E81-9256-4315-AF95-8649B0D49D15}.Release|Any CPU.ActiveCfg = Release|Any CPU
		{78601E81-9256-4315-AF95-8649B0D49D15}.Release|Any CPU.Build.0 = Release|Any CPU
		{78601E81-9256-4315-AF95-8649B0D49D15}.Release|iPhone.ActiveCfg = Release|Any CPU
		{78601E81-9256-4315-AF95-8649B0D49D15}.Release|iPhone.Build.0 = Release|Any CPU
		{78601E81-9256-4315-AF95-8649B0D49D15}.Release|iPhoneSimulator.ActiveCfg = Release|Any CPU
		{78601E81-9256-4315-AF95-8649B0D49D15}.Release|iPhoneSimulator.Build.0 = Release|Any CPU
	EndGlobalSection
	GlobalSection(SolutionProperties) = preSolution
		HideSolutionNode = FALSE
	EndGlobalSection
	GlobalSection(NestedProjects) = preSolution
		{C9D72C23-631C-498D-B95D-D17AFD09BF84} = {C463BEC1-4E7F-473E-A365-773D136FC522}
		{12B91904-869D-4DF1-9709-7F77C3019169} = {9CC4DAC7-FA74-475D-ACF7-964258470D5C}
		{B7629C1A-35C7-4EC5-883F-0273FAAF4276} = {C9D72C23-631C-498D-B95D-D17AFD09BF84}
		{4A7F203B-D58A-40FA-9F08-38C99D362625} = {C9D72C23-631C-498D-B95D-D17AFD09BF84}
		{ED5F9FBC-FDEC-4D34-8DCC-46FB2B83A817} = {C463BEC1-4E7F-473E-A365-773D136FC522}
		{895619E3-8355-4332-BCC4-AB8A56456910} = {21A6A9A9-ABDB-4BB7-8379-E33550EA8300}
		{78601E81-9256-4315-AF95-8649B0D49D15} = {C3B7B330-BBB6-4C91-93E3-A517B94FB671}
	EndGlobalSection
	GlobalSection(ExtensibilityGlobals) = postSolution
		SolutionGuid = {6F628C63-A58D-450A-B7DC-EA01F143260B}
	EndGlobalSection
	GlobalSection(MonoDevelopProperties) = preSolution
		Policies = $0
		$0.DotNetNamingPolicy = $1
		$1.DirectoryNamespaceAssociation = PrefixedHierarchical
		$0.StandardHeader = $2
		$0.VersionControlPolicy = $3
	EndGlobalSection
EndGlobal
